
Microsoft Visual Studio Solution File, Format Version 12.00
# Visual Studio Version 17
VisualStudioVersion = 17.8.34511.84
MinimumVisualStudioVersion = 10.0.40219.1
Project("{8BC9CEB8-8B4A-11D0-8D11-00A0C91BC942}") = "Exercise08", "Exercise08\Exercise08.vcxproj", "{3B07268A-9046-47D0-8573-6693738AC00C}"
EndProject
Global
	GlobalSection(SolutionConfigurationPlatforms) = preSolution
		Debug|x64 = Debug|x64
		Debug|x86 = Debug|x86
		Release|x64 = Release|x64
		Release|x86 = Release|x86
	EndGlobalSection
	GlobalSection(ProjectConfigurationPlatforms) = postSolution
		{3B07268A-9046-47D0-8573-6693738AC00C}.Debug|x64.ActiveCfg = Debug|x64
		{3B07268A-9046-47D0-8573-6693738AC00C}.Debug|x64.Build.0 = Debug|x64
		{3B07268A-9046-47D0-8573-6693738AC00C}.Debug|x86.ActiveCfg = Debug|Win32
		{3B07268A-9046-47D0-8573-6693738AC00C}.Debug|x86.Build.0 = Debug|Win32
		{3B07268A-9046-47D0-8573-6693738AC00C}.Release|x64.ActiveCfg = Release|x64
		{3B07268A-9046-47D0-8573-6693738AC00C}.Release|x64.Build.0 = Release|x64
		{3B07268A-9046-47D0-8573-6693738AC00C}.Release|x86.ActiveCfg = Release|Win32
		{3B07268A-9046-47D0-8573-6693738AC00C}.Release|x86.Build.0 = Release|Win32
	EndGlobalSection
	GlobalSection(SolutionProperties) = preSolution
		HideSolutionNode = FALSE
	EndGlobalSection
	GlobalSection(ExtensibilityGlobals) = postSolution
		SolutionGuid = {0BC43A0A-27BB-430C-BDD5-2BAD09E76B8A}
	EndGlobalSection
EndGlobal
